// !$*UTF8*$!
{
	archiveVersion = 1;
	classes = {
	};
	objectVersion = 48;
	objects = {

/* Begin PBXBuildFile section */
		745BE0671FE1C70A009248C9 /* AppDelegate.swift in Sources */ = {isa = PBXBuildFile; fileRef = 745BE0661FE1C70A009248C9 /* AppDelegate.swift */; };
		745BE0691FE1C70A009248C9 /* ViewController.swift in Sources */ = {isa = PBXBuildFile; fileRef = 745BE0681FE1C70A009248C9 /* ViewController.swift */; };
		745BE06C1FE1C70A009248C9 /* Main.storyboard in Resources */ = {isa = PBXBuildFile; fileRef = 745BE06A1FE1C70A009248C9 /* Main.storyboard */; };
		745BE06E1FE1C70A009248C9 /* Assets.xcassets in Resources */ = {isa = PBXBuildFile; fileRef = 745BE06D1FE1C70A009248C9 /* Assets.xcassets */; };
		745BE0711FE1C70A009248C9 /* LaunchScreen.storyboard in Resources */ = {isa = PBXBuildFile; fileRef = 745BE06F1FE1C70A009248C9 /* LaunchScreen.storyboard */; };
		745BE0791FE1CB4D009248C9 /* ContentCell.swift in Sources */ = {isa = PBXBuildFile; fileRef = 745BE0781FE1CB4D009248C9 /* ContentCell.swift */; };
		745BE07B1FE1D228009248C9 /* HeaderCell.swift in Sources */ = {isa = PBXBuildFile; fileRef = 745BE07A1FE1D228009248C9 /* HeaderCell.swift */; };
/* End PBXBuildFile section */

/* Begin PBXFileReference section */
		745BE0631FE1C70A009248C9 /* MAPD714-DialogViewer.app */ = {isa = PBXFileReference; explicitFileType = wrapper.application; includeInIndex = 0; path = "MAPD714-DialogViewer.app"; sourceTree = BUILT_PRODUCTS_DIR; };
		745BE0661FE1C70A009248C9 /* AppDelegate.swift */ = {isa = PBXFileReference; lastKnownFileType = sourcecode.swift; path = AppDelegate.swift; sourceTree = "<group>"; };
		745BE0681FE1C70A009248C9 /* ViewController.swift */ = {isa = PBXFileReference; lastKnownFileType = sourcecode.swift; path = ViewController.swift; sourceTree = "<group>"; };
		745BE06B1FE1C70A009248C9 /* Base */ = {isa = PBXFileReference; lastKnownFileType = file.storyboard; name = Base; path = Base.lproj/Main.storyboard; sourceTree = "<group>"; };
		745BE06D1FE1C70A009248C9 /* Assets.xcassets */ = {isa = PBXFileReference; lastKnownFileType = folder.assetcatalog; path = Assets.xcassets; sourceTree = "<group>"; };
		745BE0701FE1C70A009248C9 /* Base */ = {isa = PBXFileReference; lastKnownFileType = file.storyboard; name = Base; path = Base.lproj/LaunchScreen.storyboard; sourceTree = "<group>"; };
		745BE0721FE1C70A009248C9 /* Info.plist */ = {isa = PBXFileReference; lastKnownFileType = text.plist.xml; path = Info.plist; sourceTree = "<group>"; };
		745BE0781FE1CB4D009248C9 /* ContentCell.swift */ = {isa = PBXFileReference; lastKnownFileType = sourcecode.swift; path = ContentCell.swift; sourceTree = "<group>"; };
		745BE07A1FE1D228009248C9 /* HeaderCell.swift */ = {isa = PBXFileReference; lastKnownFileType = sourcecode.swift; path = HeaderCell.swift; sourceTree = "<group>"; };
/* End PBXFileReference section */

/* Begin PBXFrameworksBuildPhase section */
		745BE0601FE1C70A009248C9 /* Frameworks */ = {
			isa = PBXFrameworksBuildPhase;
			buildActionMask = 2147483647;
			files = (
			);
			runOnlyForDeploymentPostprocessing = 0;
		};
/* End PBXFrameworksBuildPhase section */

/* Begin PBXGroup section */
		745BE05A1FE1C70A009248C9 = {
			isa = PBXGroup;
			children = (
				745BE0651FE1C70A009248C9 /* MAPD714-DialogViewer */,
				745BE0641FE1C70A009248C9 /* Products */,
			);
			sourceTree = "<group>";
		};
		745BE0641FE1C70A009248C9 /* Products */ = {
			isa = PBXGroup;
			children = (
				745BE0631FE1C70A009248C9 /* MAPD714-DialogViewer.app */,
			);
			name = Products;
			sourceTree = "<group>";
		};
		745BE0651FE1C70A009248C9 /* MAPD714-DialogViewer */ = {
			isa = PBXGroup;
			children = (
				745BE0661FE1C70A009248C9 /* AppDelegate.swift */,
				745BE0781FE1CB4D009248C9 /* ContentCell.swift */,
				745BE07A1FE1D228009248C9 /* HeaderCell.swift */,
				745BE0681FE1C70A009248C9 /* ViewController.swift */,
				745BE06A1FE1C70A009248C9 /* Main.storyboard */,
				745BE06D1FE1C70A009248C9 /* Assets.xcassets */,
				745BE06F1FE1C70A009248C9 /* LaunchScreen.storyboard */,
				745BE0721FE1C70A009248C9 /* Info.plist */,
			);
			path = "MAPD714-DialogViewer";
			sourceTree = "<group>";
		};
/* End PBXGroup section */

/* Begin PBXNativeTarget section */
		745BE0621FE1C70A009248C9 /* MAPD714-DialogViewer */ = {
			isa = PBXNativeTarget;
			buildConfigurationList = 745BE0751FE1C70A009248C9 /* Build configuration list for PBXNativeTarget "MAPD714-DialogViewer" */;
			buildPhases = (
				745BE05F1FE1C70A009248C9 /* Sources */,
				745BE0601FE1C70A009248C9 /* Frameworks */,
				745BE0611FE1C70A009248C9 /* Resources */,
			);
			buildRules = (
			);
			dependencies = (
			);
			name = "MAPD714-DialogViewer";
			productName = "MAPD714-DialogViewer";
			productReference = 745BE0631FE1C70A009248C9 /* MAPD714-DialogViewer.app */;
			productType = "com.apple.product-type.application";
		};
/* End PBXNativeTarget section */

/* Begin PBXProject section */
		745BE05B1FE1C70A009248C9 /* Project object */ = {
			isa = PBXProject;
			attributes = {
				LastSwiftUpdateCheck = 0920;
				LastUpgradeCheck = 0920;
				ORGANIZATIONNAME = "Centennial College";
				TargetAttributes = {
					745BE0621FE1C70A009248C9 = {
						CreatedOnToolsVersion = 9.2;
						ProvisioningStyle = Automatic;
					};
				};
			};
			buildConfigurationList = 745BE05E1FE1C70A009248C9 /* Build configuration list for PBXProject "MAPD714-DialogViewer" */;
			compatibilityVersion = "Xcode 8.0";
			developmentRegion = en;
			hasScannedForEncodings = 0;
			knownRegions = (
				en,
				Base,
			);
			mainGroup = 745BE05A1FE1C70A009248C9;
			productRefGroup = 745BE0641FE1C70A009248C9 /* Products */;
			projectDirPath = "";
			projectRoot = "";
			targets = (
				745BE0621FE1C70A009248C9 /* MAPD714-DialogViewer */,
			);
		};
/* End PBXProject section */

/* Begin PBXResourcesBuildPhase section */
		745BE0611FE1C70A009248C9 /* Resources */ = {
			isa = PBXResourcesBuildPhase;
			buildActionMask = 2147483647;
			files = (
				745BE0711FE1C70A009248C9 /* LaunchScreen.storyboard in Resources */,
				745BE06E1FE1C70A009248C9 /* Assets.xcassets in Resources */,
				745BE06C1FE1C70A009248C9 /* Main.storyboard in Resources */,
			);
			runOnlyForDeploymentPostprocessing = 0;
		};
/* End PBXResourcesBuildPhase section */

/* Begin PBXSourcesBuildPhase section */
		745BE05F1FE1C70A009248C9 /* Sources */ = {
			isa = PBXSourcesBuildPhase;
			buildActionMask = 2147483647;
			files = (
				745BE07B1FE1D228009248C9 /* HeaderCell.swift in Sources */,
				745BE0791FE1CB4D009248C9 /* ContentCell.swift in Sources */,
				745BE0691FE1C70A009248C9 /* ViewController.swift in Sources */,
				745BE0671FE1C70A009248C9 /* AppDelegate.swift in Sources */,
			);
			runOnlyForDeploymentPostprocessing = 0;
		};
/* End PBXSourcesBuildPhase section */

/* Begin PBXVariantGroup section */
		745BE06A1FE1C70A009248C9 /* Main.storyboard */ = {
			isa = PBXVariantGroup;
			children = (
				745BE06B1FE1C70A009248C9 /* Base */,
			);
			name = Main.storyboard;
			sourceTree = "<group>";
		};
		745BE06F1FE1C70A009248C9 /* LaunchScreen.storyboard */ = {
			isa = PBXVariantGroup;
			children = (
				745BE0701FE1C70A009248C9 /* Base */,
			);
			name = LaunchScreen.storyboard;
			sourceTree = "<group>";
		};
/* End PBXVariantGroup section */

/* Begin XCBuildConfiguration section */
		745BE0731FE1C70A009248C9 /* Debug */ = {
			isa = XCBuildConfiguration;
			buildSettings = {
				ALWAYS_SEARCH_USER_PATHS = NO;
				CLANG_ANALYZER_NONNULL = YES;
				CLANG_ANALYZER_NUMBER_OBJECT_CONVERSION = YES_AGGRESSIVE;
				CLANG_CXX_LANGUAGE_STANDARD = "gnu++14";
				CLANG_CXX_LIBRARY = "libc++";
				CLANG_ENABLE_MODULES = YES;
				CLANG_ENABLE_OBJC_ARC = YES;
				CLANG_WARN_BLOCK_CAPTURE_AUTORELEASING = YES;
				CLANG_WARN_BOOL_CONVERSION = YES;
				CLANG_WARN_COMMA = YES;
				CLANG_WARN_CONSTANT_CONVERSION = YES;
				CLANG_WARN_DIRECT_OBJC_ISA_USAGE = YES_ERROR;
				CLANG_WARN_DOCUMENTATION_COMMENTS = YES;
				CLANG_WARN_EMPTY_BODY = YES;
				CLANG_WARN_ENUM_CONVERSION = YES;
				CLANG_WARN_INFINITE_RECURSION = YES;
				CLANG_WARN_INT_CONVERSION = YES;
				CLANG_WARN_NON_LITERAL_NULL_CONVERSION = YES;
				CLANG_WARN_OBJC_LITERAL_CONVERSION = YES;
				CLANG_WARN_OBJC_ROOT_CLASS = YES_ERROR;
				CLANG_WARN_RANGE_LOOP_ANALYSIS = YES;
				CLANG_WARN_STRICT_PROTOTYPES = YES;
				CLANG_WARN_SUSPICIOUS_MOVE = YES;
				CLANG_WARN_UNGUARDED_AVAILABILITY = YES_AGGRESSIVE;
				CLANG_WARN_UNREACHABLE_CODE = YES;
				CLANG_WARN__DUPLICATE_METHOD_MATCH = YES;
				CODE_SIGN_IDENTITY = "iPhone Developer";
				COPY_PHASE_STRIP = NO;
				DEBUG_INFORMATION_FORMAT = dwarf;
				ENABLE_STRICT_OBJC_MSGSEND = YES;
				ENABLE_TESTABILITY = YES;
				GCC_C_LANGUAGE_STANDARD = gnu11;
				GCC_DYNAMIC_NO_PIC = NO;
				GCC_NO_COMMON_BLOCKS = YES;
				GCC_OPTIMIZATION_LEVEL = 0;
				GCC_PREPROCESSOR_DEFINITIONS = (
					"DEBUG=1",
					"$(inherited)",
				);
				GCC_WARN_64_TO_32_BIT_CONVERSION = YES;
				GCC_WARN_ABOUT_RETURN_TYPE = YES_ERROR;
				GCC_WARN_UNDECLARED_SELECTOR = YES;
				GCC_WARN_UNINITIALIZED_AUTOS = YES_AGGRESSIVE;
				GCC_WARN_UNUSED_FUNCTION = YES;
				GCC_WARN_UNUSED_VARIABLE = YES;
				IPHONEOS_DEPLOYMENT_TARGET = 11.2;
				MTL_ENABLE_DEBUG_INFO = YES;
				ONLY_ACTIVE_ARCH = YES;
				SDKROOT = iphoneos;
				SWIFT_ACTIVE_COMPILATION_CONDITIONS = DEBUG;
				SWIFT_OPTIMIZATION_LEVEL = "-Onone";
			};
			name = Debug;
		};
		745BE0741FE1C70A009248C9 /* Release */ = {
			isa = XCBuildConfiguration;
			buildSettings = {
				ALWAYS_SEARCH_USER_PATHS = NO;
				CLANG_ANALYZER_NONNULL = YES;
				CLANG_ANALYZER_NUMBER_OBJECT_CONVERSION = YES_AGGRESSIVE;
				CLANG_CXX_LANGUAGE_STANDARD = "gnu++14";
				CLANG_CXX_LIBRARY = "libc++";
				CLANG_ENABLE_MODULES = YES;
				CLANG_ENABLE_OBJC_ARC = YES;
				CLANG_WARN_BLOCK_CAPTURE_AUTORELEASING = YES;
				CLANG_WARN_BOOL_CONVERSION = YES;
				CLANG_WARN_COMMA = YES;
				CLANG_WARN_CONSTANT_CONVERSION = YES;
				CLANG_WARN_DIRECT_OBJC_ISA_USAGE = YES_ERROR;
				CLANG_WARN_DOCUMENTATION_COMMENTS = YES;
				CLANG_WARN_EMPTY_BODY = YES;
				CLANG_WARN_ENUM_CONVERSION = YES;
				CLANG_WARN_INFINITE_RECURSION = YES;
				CLANG_WARN_INT_CONVERSION = YES;
				CLANG_WARN_NON_LITERAL_NULL_CONVERSION = YES;
				CLANG_WARN_OBJC_LITERAL_CONVERSION = YES;
				CLANG_WARN_OBJC_ROOT_CLASS = YES_ERROR;
				CLANG_WARN_RANGE_LOOP_ANALYSIS = YES;
				CLANG_WARN_STRICT_PROTOTYPES = YES;
				CLANG_WARN_SUSPICIOUS_MOVE = YES;
				CLANG_WARN_UNGUARDED_AVAILABILITY = YES_AGGRESSIVE;
				CLANG_WARN_UNREACHABLE_CODE = YES;
				CLANG_WARN__DUPLICATE_METHOD_MATCH = YES;
				CODE_SIGN_IDENTITY = "iPhone Developer";
				COPY_PHASE_STRIP = NO;
				DEBUG_INFORMATION_FORMAT = "dwarf-with-dsym";
				ENABLE_NS_ASSERTIONS = NO;
				ENABLE_STRICT_OBJC_MSGSEND = YES;
				GCC_C_LANGUAGE_STANDARD = gnu11;
				GCC_NO_COMMON_BLOCKS = YES;
				GCC_WARN_64_TO_32_BIT_CONVERSION = YES;
				GCC_WARN_ABOUT_RETURN_TYPE = YES_ERROR;
				GCC_WARN_UNDECLARED_SELECTOR = YES;
				GCC_WARN_UNINITIALIZED_AUTOS = YES_AGGRESSIVE;
				GCC_WARN_UNUSED_FUNCTION = YES;
				GCC_WARN_UNUSED_VARIABLE = YES;
				IPHONEOS_DEPLOYMENT_TARGET = 11.2;
				MTL_ENABLE_DEBUG_INFO = NO;
				SDKROOT = iphoneos;
				SWIFT_OPTIMIZATION_LEVEL = "-Owholemodule";
				VALIDATE_PRODUCT = YES;
			};
			name = Release;
		};
		745BE0761FE1C70A009248C9 /* Debug */ = {
			isa = XCBuildConfiguration;
			buildSettings = {
				ASSETCATALOG_COMPILER_APPICON_NAME = AppIcon;
				CODE_SIGN_STYLE = Automatic;
				DEVELOPMENT_TEAM = 2BULHRS882;
				INFOPLIST_FILE = "MAPD714-DialogViewer/Info.plist";
				LD_RUNPATH_SEARCH_PATHS = "$(inherited) @executable_path/Frameworks";
				PRODUCT_BUNDLE_IDENTIFIER = "ca.centennialcollege.MAPD714-DialogViewer";
				PRODUCT_NAME = "$(TARGET_NAME)";
				SWIFT_VERSION = 4.0;
				TARGETED_DEVICE_FAMILY = "1,2";
			};
			name = Debug;
		};
		745BE0771FE1C70A009248C9 /* Release */ = {
			isa = XCBuildConfiguration;
			buildSettings = {
				ASSETCATALOG_COMPILER_APPICON_NAME = AppIcon;
				CODE_SIGN_STYLE = Automatic;
				DEVELOPMENT_TEAM = 2BULHRS882;
				INFOPLIST_FILE = "MAPD714-DialogViewer/Info.plist";
				LD_RUNPATH_SEARCH_PATHS = "$(inherited) @executable_path/Frameworks";
				PRODUCT_BUNDLE_IDENTIFIER = "ca.centennialcollege.MAPD714-DialogViewer";
				PRODUCT_NAME = "$(TARGET_NAME)";
				SWIFT_VERSION = 4.0;
				TARGETED_DEVICE_FAMILY = "1,2";
			};
			name = Release;
		};
/* End XCBuildConfiguration section */

/* Begin XCConfigurationList section */
		745BE05E1FE1C70A009248C9 /* Build configuration list for PBXProject "MAPD714-DialogViewer" */ = {
			isa = XCConfigurationList;
			buildConfigurations = (
				745BE0731FE1C70A009248C9 /* Debug */,
				745BE0741FE1C70A009248C9 /* Release */,
			);
			defaultConfigurationIsVisible = 0;
			defaultConfigurationName = Release;
		};
		745BE0751FE1C70A009248C9 /* Build configuration list for PBXNativeTarget "MAPD714-DialogViewer" */ = {
			isa = XCConfigurationList;
			buildConfigurations = (
				745BE0761FE1C70A009248C9 /* Debug */,
				745BE0771FE1C70A009248C9 /* Release */,
			);
			defaultConfigurationIsVisible = 0;
			defaultConfigurationName = Release;
		};
/* End XCConfigurationList section */
	};
	rootObject = 745BE05B1FE1C70A009248C9 /* Project object */;
}
